
Microsoft Visual Studio Solution File, Format Version 12.00
# Visual Studio Version 16
VisualStudioVersion = 16.0.30907.101
MinimumVisualStudioVersion = 10.0.40219.1
Project("{8BC9CEB8-8B4A-11D0-8D11-00A0C91BC942}") = "PeopleTester", "PeopleTester\PeopleTester.vcxproj", "{A28F7504-D31F-4040-9D1F-1081A418E4E7}"
EndProject
Project("{8BC9CEB8-8B4A-11D0-8D11-00A0C91BC942}") = "Lab7", "Lab7\Lab7.vcxproj", "{B897E442-168A-4F3C-A299-A096D3522E8B}"
EndProject
Global
	GlobalSection(SolutionConfigurationPlatforms) = preSolution
		Debug|x64 = Debug|x64
		Debug|x86 = Debug|x86
		Release|x64 = Release|x64
		Release|x86 = Release|x86
	EndGlobalSection
	GlobalSection(ProjectConfigurationPlatforms) = postSolution
		{A28F7504-D31F-4040-9D1F-1081A418E4E7}.Debug|x64.ActiveCfg = Debug|x64
		{A28F7504-D31F-4040-9D1F-1081A418E4E7}.Debug|x64.Build.0 = Debug|x64
		{A28F7504-D31F-4040-9D1F-1081A418E4E7}.Debug|x86.ActiveCfg = Debug|Win32
		{A28F7504-D31F-4040-9D1F-1081A418E4E7}.Debug|x86.Build.0 = Debug|Win32
		{A28F7504-D31F-4040-9D1F-1081A418E4E7}.Release|x64.ActiveCfg = Release|x64
		{A28F7504-D31F-4040-9D1F-1081A418E4E7}.Release|x64.Build.0 = Release|x64
		{A28F7504-D31F-4040-9D1F-1081A418E4E7}.Release|x86.ActiveCfg = Release|Win32
		{A28F7504-D31F-4040-9D1F-1081A418E4E7}.Release|x86.Build.0 = Release|Win32
		{B897E442-168A-4F3C-A299-A096D3522E8B}.Debug|x64.ActiveCfg = Debug|x64
		{B897E442-168A-4F3C-A299-A096D3522E8B}.Debug|x64.Build.0 = Debug|x64
		{B897E442-168A-4F3C-A299-A096D3522E8B}.Debug|x86.ActiveCfg = Debug|Win32
		{B897E442-168A-4F3C-A299-A096D3522E8B}.Debug|x86.Build.0 = Debug|Win32
		{B897E442-168A-4F3C-A299-A096D3522E8B}.Release|x64.ActiveCfg = Release|x64
		{B897E442-168A-4F3C-A299-A096D3522E8B}.Release|x64.Build.0 = Release|x64
		{B897E442-168A-4F3C-A299-A096D3522E8B}.Release|x86.ActiveCfg = Release|Win32
		{B897E442-168A-4F3C-A299-A096D3522E8B}.Release|x86.Build.0 = Release|Win32
	EndGlobalSection
	GlobalSection(SolutionProperties) = preSolution
		HideSolutionNode = FALSE
	EndGlobalSection
	GlobalSection(ExtensibilityGlobals) = postSolution
		SolutionGuid = {8E918184-9A61-4018-98DF-C615304B1975}
	EndGlobalSection
EndGlobal
