
Microsoft Visual Studio Solution File, Format Version 12.00
# Visual Studio Version 16
VisualStudioVersion = 16.0.30907.101
MinimumVisualStudioVersion = 10.0.40219.1
Project("{8BC9CEB8-8B4A-11D0-8D11-00A0C91BC942}") = "Programming Challenge 5", "Programming Challenge 5\Programming Challenge 5.vcxproj", "{12F87C84-5AF5-4006-A0C3-4FF71A623353}"
EndProject
Project("{8BC9CEB8-8B4A-11D0-8D11-00A0C91BC942}") = "Programming Challenge 6", "Programming Challenge 6\Programming Challenge 6.vcxproj", "{0AAD270B-7AF9-4788-8436-ABBC760C6FB9}"
EndProject
Global
	GlobalSection(SolutionConfigurationPlatforms) = preSolution
		Debug|x64 = Debug|x64
		Debug|x86 = Debug|x86
		Release|x64 = Release|x64
		Release|x86 = Release|x86
	EndGlobalSection
	GlobalSection(ProjectConfigurationPlatforms) = postSolution
		{12F87C84-5AF5-4006-A0C3-4FF71A623353}.Debug|x64.ActiveCfg = Debug|x64
		{12F87C84-5AF5-4006-A0C3-4FF71A623353}.Debug|x64.Build.0 = Debug|x64
		{12F87C84-5AF5-4006-A0C3-4FF71A623353}.Debug|x86.ActiveCfg = Debug|Win32
		{12F87C84-5AF5-4006-A0C3-4FF71A623353}.Debug|x86.Build.0 = Debug|Win32
		{12F87C84-5AF5-4006-A0C3-4FF71A623353}.Release|x64.ActiveCfg = Release|x64
		{12F87C84-5AF5-4006-A0C3-4FF71A623353}.Release|x64.Build.0 = Release|x64
		{12F87C84-5AF5-4006-A0C3-4FF71A623353}.Release|x86.ActiveCfg = Release|Win32
		{12F87C84-5AF5-4006-A0C3-4FF71A623353}.Release|x86.Build.0 = Release|Win32
		{0AAD270B-7AF9-4788-8436-ABBC760C6FB9}.Debug|x64.ActiveCfg = Debug|x64
		{0AAD270B-7AF9-4788-8436-ABBC760C6FB9}.Debug|x64.Build.0 = Debug|x64
		{0AAD270B-7AF9-4788-8436-ABBC760C6FB9}.Debug|x86.ActiveCfg = Debug|Win32
		{0AAD270B-7AF9-4788-8436-ABBC760C6FB9}.Debug|x86.Build.0 = Debug|Win32
		{0AAD270B-7AF9-4788-8436-ABBC760C6FB9}.Release|x64.ActiveCfg = Release|x64
		{0AAD270B-7AF9-4788-8436-ABBC760C6FB9}.Release|x64.Build.0 = Release|x64
		{0AAD270B-7AF9-4788-8436-ABBC760C6FB9}.Release|x86.ActiveCfg = Release|Win32
		{0AAD270B-7AF9-4788-8436-ABBC760C6FB9}.Release|x86.Build.0 = Release|Win32
	EndGlobalSection
	GlobalSection(SolutionProperties) = preSolution
		HideSolutionNode = FALSE
	EndGlobalSection
	GlobalSection(ExtensibilityGlobals) = postSolution
		SolutionGuid = {75712609-62AB-4065-8FDD-7A01899178D3}
	EndGlobalSection
EndGlobal
