
Microsoft Visual Studio Solution File, Format Version 12.00
# Visual Studio Version 16
VisualStudioVersion = 16.0.30907.101
MinimumVisualStudioVersion = 10.0.40219.1
Project("{8BC9CEB8-8B4A-11D0-8D11-00A0C91BC942}") = "Problem 4", "Problem 4\Problem 4.vcxproj", "{1CADAB9F-3261-46CC-BAB7-73326B89894B}"
EndProject
Project("{8BC9CEB8-8B4A-11D0-8D11-00A0C91BC942}") = "Problem 3", "Problem 3\Problem 3.vcxproj", "{CE70808B-38F0-4B6E-BEFB-E07181395CF3}"
EndProject
Project("{8BC9CEB8-8B4A-11D0-8D11-00A0C91BC942}") = "Problem 5", "Problem 5\Problem 5.vcxproj", "{543DB20F-FF01-48F4-910C-8A87E266B7EF}"
EndProject
Global
	GlobalSection(SolutionConfigurationPlatforms) = preSolution
		Debug|x64 = Debug|x64
		Debug|x86 = Debug|x86
		Release|x64 = Release|x64
		Release|x86 = Release|x86
	EndGlobalSection
	GlobalSection(ProjectConfigurationPlatforms) = postSolution
		{1CADAB9F-3261-46CC-BAB7-73326B89894B}.Debug|x64.ActiveCfg = Debug|x64
		{1CADAB9F-3261-46CC-BAB7-73326B89894B}.Debug|x64.Build.0 = Debug|x64
		{1CADAB9F-3261-46CC-BAB7-73326B89894B}.Debug|x86.ActiveCfg = Debug|Win32
		{1CADAB9F-3261-46CC-BAB7-73326B89894B}.Debug|x86.Build.0 = Debug|Win32
		{1CADAB9F-3261-46CC-BAB7-73326B89894B}.Release|x64.ActiveCfg = Release|x64
		{1CADAB9F-3261-46CC-BAB7-73326B89894B}.Release|x64.Build.0 = Release|x64
		{1CADAB9F-3261-46CC-BAB7-73326B89894B}.Release|x86.ActiveCfg = Release|Win32
		{1CADAB9F-3261-46CC-BAB7-73326B89894B}.Release|x86.Build.0 = Release|Win32
		{CE70808B-38F0-4B6E-BEFB-E07181395CF3}.Debug|x64.ActiveCfg = Debug|x64
		{CE70808B-38F0-4B6E-BEFB-E07181395CF3}.Debug|x64.Build.0 = Debug|x64
		{CE70808B-38F0-4B6E-BEFB-E07181395CF3}.Debug|x86.ActiveCfg = Debug|Win32
		{CE70808B-38F0-4B6E-BEFB-E07181395CF3}.Debug|x86.Build.0 = Debug|Win32
		{CE70808B-38F0-4B6E-BEFB-E07181395CF3}.Release|x64.ActiveCfg = Release|x64
		{CE70808B-38F0-4B6E-BEFB-E07181395CF3}.Release|x64.Build.0 = Release|x64
		{CE70808B-38F0-4B6E-BEFB-E07181395CF3}.Release|x86.ActiveCfg = Release|Win32
		{CE70808B-38F0-4B6E-BEFB-E07181395CF3}.Release|x86.Build.0 = Release|Win32
		{543DB20F-FF01-48F4-910C-8A87E266B7EF}.Debug|x64.ActiveCfg = Debug|x64
		{543DB20F-FF01-48F4-910C-8A87E266B7EF}.Debug|x64.Build.0 = Debug|x64
		{543DB20F-FF01-48F4-910C-8A87E266B7EF}.Debug|x86.ActiveCfg = Debug|Win32
		{543DB20F-FF01-48F4-910C-8A87E266B7EF}.Debug|x86.Build.0 = Debug|Win32
		{543DB20F-FF01-48F4-910C-8A87E266B7EF}.Release|x64.ActiveCfg = Release|x64
		{543DB20F-FF01-48F4-910C-8A87E266B7EF}.Release|x64.Build.0 = Release|x64
		{543DB20F-FF01-48F4-910C-8A87E266B7EF}.Release|x86.ActiveCfg = Release|Win32
		{543DB20F-FF01-48F4-910C-8A87E266B7EF}.Release|x86.Build.0 = Release|Win32
	EndGlobalSection
	GlobalSection(SolutionProperties) = preSolution
		HideSolutionNode = FALSE
	EndGlobalSection
	GlobalSection(ExtensibilityGlobals) = postSolution
		SolutionGuid = {859339F7-6C03-4E8F-9A5A-9B486A7DBED3}
	EndGlobalSection
EndGlobal
